// !$*UTF8*$!
{
	archiveVersion = 1;
	classes = {
	};
	objectVersion = 56;
	objects = {

/* Begin PBXBuildFile section */
		2C08662C1A95C7C3A7757FAD /* Pods_BucketBeanz.framework in Frameworks */ = {isa = PBXBuildFile; fileRef = F92BD90AC3617BE7DF035924 /* Pods_BucketBeanz.framework */; };
		B71E213D29455837000FB771 /* HomePageViewController.swift in Sources */ = {isa = PBXBuildFile; fileRef = B71E213C29455837000FB771 /* HomePageViewController.swift */; };
		B71E214329455912000FB771 /* ListViewController.swift in Sources */ = {isa = PBXBuildFile; fileRef = B71E214229455912000FB771 /* ListViewController.swift */; };
		B71E214529455954000FB771 /* List.swift in Sources */ = {isa = PBXBuildFile; fileRef = B71E214429455954000FB771 /* List.swift */; };
		B720513529418F8100F2C987 /* Checkbox.swift in Sources */ = {isa = PBXBuildFile; fileRef = B720513429418F8100F2C987 /* Checkbox.swift */; };
		B740FBFD291B1FDB00E58C78 /* AppDelegate.swift in Sources */ = {isa = PBXBuildFile; fileRef = B740FBFC291B1FDB00E58C78 /* AppDelegate.swift */; };
		B740FBFF291B1FDB00E58C78 /* SceneDelegate.swift in Sources */ = {isa = PBXBuildFile; fileRef = B740FBFE291B1FDB00E58C78 /* SceneDelegate.swift */; };
		B740FC04291B1FDB00E58C78 /* Main.storyboard in Resources */ = {isa = PBXBuildFile; fileRef = B740FC02291B1FDB00E58C78 /* Main.storyboard */; };
		B740FC06291B1FDD00E58C78 /* Assets.xcassets in Resources */ = {isa = PBXBuildFile; fileRef = B740FC05291B1FDD00E58C78 /* Assets.xcassets */; };
		B740FC09291B1FDD00E58C78 /* LaunchScreen.storyboard in Resources */ = {isa = PBXBuildFile; fileRef = B740FC07291B1FDD00E58C78 /* LaunchScreen.storyboard */; };
		B740FC14291B1FDD00E58C78 /* BucketBeanzTests.swift in Sources */ = {isa = PBXBuildFile; fileRef = B740FC13291B1FDD00E58C78 /* BucketBeanzTests.swift */; };
		B740FC1E291B1FDD00E58C78 /* BucketBeanzUITests.swift in Sources */ = {isa = PBXBuildFile; fileRef = B740FC1D291B1FDD00E58C78 /* BucketBeanzUITests.swift */; };
		B740FC20291B1FDD00E58C78 /* BucketBeanzUITestsLaunchTests.swift in Sources */ = {isa = PBXBuildFile; fileRef = B740FC1F291B1FDD00E58C78 /* BucketBeanzUITestsLaunchTests.swift */; };
		B740FC2D291B248500E58C78 /* LoginViewController.swift in Sources */ = {isa = PBXBuildFile; fileRef = B740FC2C291B248500E58C78 /* LoginViewController.swift */; };
		B7C4DFF42941967000E36DC5 /* CheckTableViewCell.swift in Sources */ = {isa = PBXBuildFile; fileRef = B7C4DFF32941967000E36DC5 /* CheckTableViewCell.swift */; };
		C268FA5CDC6FD9719622A6C5 /* Pods_BucketBeanz_BucketBeanzUITests.framework in Frameworks */ = {isa = PBXBuildFile; fileRef = B231BC0AF278266983E90CA3 /* Pods_BucketBeanz_BucketBeanzUITests.framework */; };
		DC162F4E6C65E947D7EE5DBC /* Pods_BucketBeanzTests.framework in Frameworks */ = {isa = PBXBuildFile; fileRef = 7687F90BB87E938CCE0FC4DB /* Pods_BucketBeanzTests.framework */; };
/* End PBXBuildFile section */

/* Begin PBXContainerItemProxy section */
		B740FC10291B1FDD00E58C78 /* PBXContainerItemProxy */ = {
			isa = PBXContainerItemProxy;
			containerPortal = B740FBF1291B1FDB00E58C78 /* Project object */;
			proxyType = 1;
			remoteGlobalIDString = B740FBF8291B1FDB00E58C78;
			remoteInfo = BucketBeanz;
		};
		B740FC1A291B1FDD00E58C78 /* PBXContainerItemProxy */ = {
			isa = PBXContainerItemProxy;
			containerPortal = B740FBF1291B1FDB00E58C78 /* Project object */;
			proxyType = 1;
			remoteGlobalIDString = B740FBF8291B1FDB00E58C78;
			remoteInfo = BucketBeanz;
		};
/* End PBXContainerItemProxy section */

/* Begin PBXFileReference section */
		327B705CEBA494971D2A9851 /* Pods-BucketBeanz-BucketBeanzUITests.release.xcconfig */ = {isa = PBXFileReference; includeInIndex = 1; lastKnownFileType = text.xcconfig; name = "Pods-BucketBeanz-BucketBeanzUITests.release.xcconfig"; path = "Target Support Files/Pods-BucketBeanz-BucketBeanzUITests/Pods-BucketBeanz-BucketBeanzUITests.release.xcconfig"; sourceTree = "<group>"; };
		3F78389D575F046A47026963 /* Pods-BucketBeanzTests.debug.xcconfig */ = {isa = PBXFileReference; includeInIndex = 1; lastKnownFileType = text.xcconfig; name = "Pods-BucketBeanzTests.debug.xcconfig"; path = "Target Support Files/Pods-BucketBeanzTests/Pods-BucketBeanzTests.debug.xcconfig"; sourceTree = "<group>"; };
		7687F90BB87E938CCE0FC4DB /* Pods_BucketBeanzTests.framework */ = {isa = PBXFileReference; explicitFileType = wrapper.framework; includeInIndex = 0; path = Pods_BucketBeanzTests.framework; sourceTree = BUILT_PRODUCTS_DIR; };
		7A57AD1E4240FBC4ED83123D /* Pods-BucketBeanz-BucketBeanzUITests.debug.xcconfig */ = {isa = PBXFileReference; includeInIndex = 1; lastKnownFileType = text.xcconfig; name = "Pods-BucketBeanz-BucketBeanzUITests.debug.xcconfig"; path = "Target Support Files/Pods-BucketBeanz-BucketBeanzUITests/Pods-BucketBeanz-BucketBeanzUITests.debug.xcconfig"; sourceTree = "<group>"; };
		B231BC0AF278266983E90CA3 /* Pods_BucketBeanz_BucketBeanzUITests.framework */ = {isa = PBXFileReference; explicitFileType = wrapper.framework; includeInIndex = 0; path = Pods_BucketBeanz_BucketBeanzUITests.framework; sourceTree = BUILT_PRODUCTS_DIR; };
		B71E213C29455837000FB771 /* HomePageViewController.swift */ = {isa = PBXFileReference; lastKnownFileType = sourcecode.swift; path = HomePageViewController.swift; sourceTree = "<group>"; };
		B71E214229455912000FB771 /* ListViewController.swift */ = {isa = PBXFileReference; lastKnownFileType = sourcecode.swift; path = ListViewController.swift; sourceTree = "<group>"; };
		B71E214429455954000FB771 /* List.swift */ = {isa = PBXFileReference; lastKnownFileType = sourcecode.swift; path = List.swift; sourceTree = "<group>"; };
		B720513429418F8100F2C987 /* Checkbox.swift */ = {isa = PBXFileReference; lastKnownFileType = sourcecode.swift; path = Checkbox.swift; sourceTree = "<group>"; };
		B740FBF9291B1FDB00E58C78 /* BucketBeanz.app */ = {isa = PBXFileReference; explicitFileType = wrapper.application; includeInIndex = 0; path = BucketBeanz.app; sourceTree = BUILT_PRODUCTS_DIR; };
		B740FBFC291B1FDB00E58C78 /* AppDelegate.swift */ = {isa = PBXFileReference; lastKnownFileType = sourcecode.swift; path = AppDelegate.swift; sourceTree = "<group>"; };
		B740FBFE291B1FDB00E58C78 /* SceneDelegate.swift */ = {isa = PBXFileReference; lastKnownFileType = sourcecode.swift; path = SceneDelegate.swift; sourceTree = "<group>"; };
		B740FC03291B1FDB00E58C78 /* Base */ = {isa = PBXFileReference; lastKnownFileType = file.storyboard; name = Base; path = Base.lproj/Main.storyboard; sourceTree = "<group>"; };
		B740FC05291B1FDD00E58C78 /* Assets.xcassets */ = {isa = PBXFileReference; lastKnownFileType = folder.assetcatalog; path = Assets.xcassets; sourceTree = "<group>"; };
		B740FC08291B1FDD00E58C78 /* Base */ = {isa = PBXFileReference; lastKnownFileType = file.storyboard; name = Base; path = Base.lproj/LaunchScreen.storyboard; sourceTree = "<group>"; };
		B740FC0A291B1FDD00E58C78 /* Info.plist */ = {isa = PBXFileReference; lastKnownFileType = text.plist.xml; path = Info.plist; sourceTree = "<group>"; };
		B740FC0F291B1FDD00E58C78 /* BucketBeanzTests.xctest */ = {isa = PBXFileReference; explicitFileType = wrapper.cfbundle; includeInIndex = 0; path = BucketBeanzTests.xctest; sourceTree = BUILT_PRODUCTS_DIR; };
		B740FC13291B1FDD00E58C78 /* BucketBeanzTests.swift */ = {isa = PBXFileReference; lastKnownFileType = sourcecode.swift; path = BucketBeanzTests.swift; sourceTree = "<group>"; };
		B740FC19291B1FDD00E58C78 /* BucketBeanzUITests.xctest */ = {isa = PBXFileReference; explicitFileType = wrapper.cfbundle; includeInIndex = 0; path = BucketBeanzUITests.xctest; sourceTree = BUILT_PRODUCTS_DIR; };
		B740FC1D291B1FDD00E58C78 /* BucketBeanzUITests.swift */ = {isa = PBXFileReference; lastKnownFileType = sourcecode.swift; path = BucketBeanzUITests.swift; sourceTree = "<group>"; };
		B740FC1F291B1FDD00E58C78 /* BucketBeanzUITestsLaunchTests.swift */ = {isa = PBXFileReference; lastKnownFileType = sourcecode.swift; path = BucketBeanzUITestsLaunchTests.swift; sourceTree = "<group>"; };
		B740FC2C291B248500E58C78 /* LoginViewController.swift */ = {isa = PBXFileReference; lastKnownFileType = sourcecode.swift; path = LoginViewController.swift; sourceTree = "<group>"; };
		B7C4DFF32941967000E36DC5 /* CheckTableViewCell.swift */ = {isa = PBXFileReference; lastKnownFileType = sourcecode.swift; path = CheckTableViewCell.swift; sourceTree = "<group>"; };
		B901A5E52626A4DC98A1B8BD /* Pods-BucketBeanz.debug.xcconfig */ = {isa = PBXFileReference; includeInIndex = 1; lastKnownFileType = text.xcconfig; name = "Pods-BucketBeanz.debug.xcconfig"; path = "Target Support Files/Pods-BucketBeanz/Pods-BucketBeanz.debug.xcconfig"; sourceTree = "<group>"; };
		C344353B8CD5745AF7F80D7C /* Pods-BucketBeanz.release.xcconfig */ = {isa = PBXFileReference; includeInIndex = 1; lastKnownFileType = text.xcconfig; name = "Pods-BucketBeanz.release.xcconfig"; path = "Target Support Files/Pods-BucketBeanz/Pods-BucketBeanz.release.xcconfig"; sourceTree = "<group>"; };
		D04045927DE805E2700C2E1D /* Pods-BucketBeanzTests.release.xcconfig */ = {isa = PBXFileReference; includeInIndex = 1; lastKnownFileType = text.xcconfig; name = "Pods-BucketBeanzTests.release.xcconfig"; path = "Target Support Files/Pods-BucketBeanzTests/Pods-BucketBeanzTests.release.xcconfig"; sourceTree = "<group>"; };
		F92BD90AC3617BE7DF035924 /* Pods_BucketBeanz.framework */ = {isa = PBXFileReference; explicitFileType = wrapper.framework; includeInIndex = 0; path = Pods_BucketBeanz.framework; sourceTree = BUILT_PRODUCTS_DIR; };
/* End PBXFileReference section */

/* Begin PBXFrameworksBuildPhase section */
		B740FBF6291B1FDB00E58C78 /* Frameworks */ = {
			isa = PBXFrameworksBuildPhase;
			buildActionMask = 2147483647;
			files = (
				2C08662C1A95C7C3A7757FAD /* Pods_BucketBeanz.framework in Frameworks */,
			);
			runOnlyForDeploymentPostprocessing = 0;
		};
		B740FC0C291B1FDD00E58C78 /* Frameworks */ = {
			isa = PBXFrameworksBuildPhase;
			buildActionMask = 2147483647;
			files = (
				DC162F4E6C65E947D7EE5DBC /* Pods_BucketBeanzTests.framework in Frameworks */,
			);
			runOnlyForDeploymentPostprocessing = 0;
		};
		B740FC16291B1FDD00E58C78 /* Frameworks */ = {
			isa = PBXFrameworksBuildPhase;
			buildActionMask = 2147483647;
			files = (
				C268FA5CDC6FD9719622A6C5 /* Pods_BucketBeanz_BucketBeanzUITests.framework in Frameworks */,
			);
			runOnlyForDeploymentPostprocessing = 0;
		};
/* End PBXFrameworksBuildPhase section */

/* Begin PBXGroup section */
		51E889C38D09D18AF23197DD /* Pods */ = {
			isa = PBXGroup;
			children = (
				B901A5E52626A4DC98A1B8BD /* Pods-BucketBeanz.debug.xcconfig */,
				C344353B8CD5745AF7F80D7C /* Pods-BucketBeanz.release.xcconfig */,
				7A57AD1E4240FBC4ED83123D /* Pods-BucketBeanz-BucketBeanzUITests.debug.xcconfig */,
				327B705CEBA494971D2A9851 /* Pods-BucketBeanz-BucketBeanzUITests.release.xcconfig */,
				3F78389D575F046A47026963 /* Pods-BucketBeanzTests.debug.xcconfig */,
				D04045927DE805E2700C2E1D /* Pods-BucketBeanzTests.release.xcconfig */,
			);
			path = Pods;
			sourceTree = "<group>";
		};
		B740FBF0291B1FDB00E58C78 = {
			isa = PBXGroup;
			children = (
				B740FBFB291B1FDB00E58C78 /* BucketBeanz */,
				B740FC12291B1FDD00E58C78 /* BucketBeanzTests */,
				B740FC1C291B1FDD00E58C78 /* BucketBeanzUITests */,
				B740FBFA291B1FDB00E58C78 /* Products */,
				51E889C38D09D18AF23197DD /* Pods */,
				E54CBE09B802739D47A57EA7 /* Frameworks */,
			);
			sourceTree = "<group>";
		};
		B740FBFA291B1FDB00E58C78 /* Products */ = {
			isa = PBXGroup;
			children = (
				B740FBF9291B1FDB00E58C78 /* BucketBeanz.app */,
				B740FC0F291B1FDD00E58C78 /* BucketBeanzTests.xctest */,
				B740FC19291B1FDD00E58C78 /* BucketBeanzUITests.xctest */,
			);
			name = Products;
			sourceTree = "<group>";
		};
		B740FBFB291B1FDB00E58C78 /* BucketBeanz */ = {
			isa = PBXGroup;
			children = (
				B740FBFC291B1FDB00E58C78 /* AppDelegate.swift */,
				B740FBFE291B1FDB00E58C78 /* SceneDelegate.swift */,
				B740FC02291B1FDB00E58C78 /* Main.storyboard */,
				B740FC05291B1FDD00E58C78 /* Assets.xcassets */,
				B740FC07291B1FDD00E58C78 /* LaunchScreen.storyboard */,
				B740FC0A291B1FDD00E58C78 /* Info.plist */,
				B740FC2C291B248500E58C78 /* LoginViewController.swift */,
				B720513429418F8100F2C987 /* Checkbox.swift */,
				B7C4DFF32941967000E36DC5 /* CheckTableViewCell.swift */,
				B71E213C29455837000FB771 /* HomePageViewController.swift */,
				B71E214229455912000FB771 /* ListViewController.swift */,
				B71E214429455954000FB771 /* List.swift */,
			);
			path = BucketBeanz;
			sourceTree = "<group>";
		};
		B740FC12291B1FDD00E58C78 /* BucketBeanzTests */ = {
			isa = PBXGroup;
			children = (
				B740FC13291B1FDD00E58C78 /* BucketBeanzTests.swift */,
			);
			path = BucketBeanzTests;
			sourceTree = "<group>";
		};
		B740FC1C291B1FDD00E58C78 /* BucketBeanzUITests */ = {
			isa = PBXGroup;
			children = (
				B740FC1D291B1FDD00E58C78 /* BucketBeanzUITests.swift */,
				B740FC1F291B1FDD00E58C78 /* BucketBeanzUITestsLaunchTests.swift */,
			);
			path = BucketBeanzUITests;
			sourceTree = "<group>";
		};
		E54CBE09B802739D47A57EA7 /* Frameworks */ = {
			isa = PBXGroup;
			children = (
				F92BD90AC3617BE7DF035924 /* Pods_BucketBeanz.framework */,
				B231BC0AF278266983E90CA3 /* Pods_BucketBeanz_BucketBeanzUITests.framework */,
				7687F90BB87E938CCE0FC4DB /* Pods_BucketBeanzTests.framework */,
			);
			name = Frameworks;
			sourceTree = "<group>";
		};
/* End PBXGroup section */

/* Begin PBXNativeTarget section */
		B740FBF8291B1FDB00E58C78 /* BucketBeanz */ = {
			isa = PBXNativeTarget;
			buildConfigurationList = B740FC23291B1FDD00E58C78 /* Build configuration list for PBXNativeTarget "BucketBeanz" */;
			buildPhases = (
				2A830F4DFD4A6B76155EF464 /* [CP] Check Pods Manifest.lock */,
				B740FBF5291B1FDB00E58C78 /* Sources */,
				B740FBF6291B1FDB00E58C78 /* Frameworks */,
				B740FBF7291B1FDB00E58C78 /* Resources */,
				DED4A0A64E61BA17F0B710B3 /* [CP] Embed Pods Frameworks */,
			);
			buildRules = (
			);
			dependencies = (
			);
			name = BucketBeanz;
			productName = BucketBeanz;
			productReference = B740FBF9291B1FDB00E58C78 /* BucketBeanz.app */;
			productType = "com.apple.product-type.application";
		};
		B740FC0E291B1FDD00E58C78 /* BucketBeanzTests */ = {
			isa = PBXNativeTarget;
			buildConfigurationList = B740FC26291B1FDD00E58C78 /* Build configuration list for PBXNativeTarget "BucketBeanzTests" */;
			buildPhases = (
				0FCA270FF959FB464881EA3A /* [CP] Check Pods Manifest.lock */,
				B740FC0B291B1FDD00E58C78 /* Sources */,
				B740FC0C291B1FDD00E58C78 /* Frameworks */,
				B740FC0D291B1FDD00E58C78 /* Resources */,
				506B15902980624258A8CFFC /* [CP] Embed Pods Frameworks */,
			);
			buildRules = (
			);
			dependencies = (
				B740FC11291B1FDD00E58C78 /* PBXTargetDependency */,
			);
			name = BucketBeanzTests;
			productName = BucketBeanzTests;
			productReference = B740FC0F291B1FDD00E58C78 /* BucketBeanzTests.xctest */;
			productType = "com.apple.product-type.bundle.unit-test";
		};
		B740FC18291B1FDD00E58C78 /* BucketBeanzUITests */ = {
			isa = PBXNativeTarget;
			buildConfigurationList = B740FC29291B1FDD00E58C78 /* Build configuration list for PBXNativeTarget "BucketBeanzUITests" */;
			buildPhases = (
				01B9641236D1BB08BBC965C8 /* [CP] Check Pods Manifest.lock */,
				B740FC15291B1FDD00E58C78 /* Sources */,
				B740FC16291B1FDD00E58C78 /* Frameworks */,
				B740FC17291B1FDD00E58C78 /* Resources */,
				B8CE2EBAE3FDAF1C3C783D51 /* [CP] Embed Pods Frameworks */,
			);
			buildRules = (
			);
			dependencies = (
				B740FC1B291B1FDD00E58C78 /* PBXTargetDependency */,
			);
			name = BucketBeanzUITests;
			productName = BucketBeanzUITests;
			productReference = B740FC19291B1FDD00E58C78 /* BucketBeanzUITests.xctest */;
			productType = "com.apple.product-type.bundle.ui-testing";
		};
/* End PBXNativeTarget section */

/* Begin PBXProject section */
		B740FBF1291B1FDB00E58C78 /* Project object */ = {
			isa = PBXProject;
			attributes = {
				BuildIndependentTargetsInParallel = 1;
				LastSwiftUpdateCheck = 1400;
				LastUpgradeCheck = 1400;
				TargetAttributes = {
					B740FBF8291B1FDB00E58C78 = {
						CreatedOnToolsVersion = 14.0.1;
					};
					B740FC0E291B1FDD00E58C78 = {
						CreatedOnToolsVersion = 14.0.1;
						TestTargetID = B740FBF8291B1FDB00E58C78;
					};
					B740FC18291B1FDD00E58C78 = {
						CreatedOnToolsVersion = 14.0.1;
						TestTargetID = B740FBF8291B1FDB00E58C78;
					};
				};
			};
			buildConfigurationList = B740FBF4291B1FDB00E58C78 /* Build configuration list for PBXProject "BucketBeanz" */;
			compatibilityVersion = "Xcode 14.0";
			developmentRegion = en;
			hasScannedForEncodings = 0;
			knownRegions = (
				en,
				Base,
			);
			mainGroup = B740FBF0291B1FDB00E58C78;
			productRefGroup = B740FBFA291B1FDB00E58C78 /* Products */;
			projectDirPath = "";
			projectRoot = "";
			targets = (
				B740FBF8291B1FDB00E58C78 /* BucketBeanz */,
				B740FC0E291B1FDD00E58C78 /* BucketBeanzTests */,
				B740FC18291B1FDD00E58C78 /* BucketBeanzUITests */,
			);
		};
/* End PBXProject section */

/* Begin PBXResourcesBuildPhase section */
		B740FBF7291B1FDB00E58C78 /* Resources */ = {
			isa = PBXResourcesBuildPhase;
			buildActionMask = 2147483647;
			files = (
				B740FC09291B1FDD00E58C78 /* LaunchScreen.storyboard in Resources */,
				B740FC06291B1FDD00E58C78 /* Assets.xcassets in Resources */,
				B740FC04291B1FDB00E58C78 /* Main.storyboard in Resources */,
			);
			runOnlyForDeploymentPostprocessing = 0;
		};
		B740FC0D291B1FDD00E58C78 /* Resources */ = {
			isa = PBXResourcesBuildPhase;
			buildActionMask = 2147483647;
			files = (
			);
			runOnlyForDeploymentPostprocessing = 0;
		};
		B740FC17291B1FDD00E58C78 /* Resources */ = {
			isa = PBXResourcesBuildPhase;
			buildActionMask = 2147483647;
			files = (
			);
			runOnlyForDeploymentPostprocessing = 0;
		};
/* End PBXResourcesBuildPhase section */

/* Begin PBXShellScriptBuildPhase section */
		01B9641236D1BB08BBC965C8 /* [CP] Check Pods Manifest.lock */ = {
			isa = PBXShellScriptBuildPhase;
			buildActionMask = 2147483647;
			files = (
			);
			inputFileListPaths = (
			);
			inputPaths = (
				"${PODS_PODFILE_DIR_PATH}/Podfile.lock",
				"${PODS_ROOT}/Manifest.lock",
			);
			name = "[CP] Check Pods Manifest.lock";
			outputFileListPaths = (
			);
			outputPaths = (
				"$(DERIVED_FILE_DIR)/Pods-BucketBeanz-BucketBeanzUITests-checkManifestLockResult.txt",
			);
			runOnlyForDeploymentPostprocessing = 0;
			shellPath = /bin/sh;
			shellScript = "diff \"${PODS_PODFILE_DIR_PATH}/Podfile.lock\" \"${PODS_ROOT}/Manifest.lock\" > /dev/null\nif [ $? != 0 ] ; then\n    # print error to STDERR\n    echo \"error: The sandbox is not in sync with the Podfile.lock. Run 'pod install' or update your CocoaPods installation.\" >&2\n    exit 1\nfi\n# This output is used by Xcode 'outputs' to avoid re-running this script phase.\necho \"SUCCESS\" > \"${SCRIPT_OUTPUT_FILE_0}\"\n";
			showEnvVarsInLog = 0;
		};
		0FCA270FF959FB464881EA3A /* [CP] Check Pods Manifest.lock */ = {
			isa = PBXShellScriptBuildPhase;
			buildActionMask = 2147483647;
			files = (
			);
			inputFileListPaths = (
			);
			inputPaths = (
				"${PODS_PODFILE_DIR_PATH}/Podfile.lock",
				"${PODS_ROOT}/Manifest.lock",
			);
			name = "[CP] Check Pods Manifest.lock";
			outputFileListPaths = (
			);
			outputPaths = (
				"$(DERIVED_FILE_DIR)/Pods-BucketBeanzTests-checkManifestLockResult.txt",
			);
			runOnlyForDeploymentPostprocessing = 0;
			shellPath = /bin/sh;
			shellScript = "diff \"${PODS_PODFILE_DIR_PATH}/Podfile.lock\" \"${PODS_ROOT}/Manifest.lock\" > /dev/null\nif [ $? != 0 ] ; then\n    # print error to STDERR\n    echo \"error: The sandbox is not in sync with the Podfile.lock. Run 'pod install' or update your CocoaPods installation.\" >&2\n    exit 1\nfi\n# This output is used by Xcode 'outputs' to avoid re-running this script phase.\necho \"SUCCESS\" > \"${SCRIPT_OUTPUT_FILE_0}\"\n";
			showEnvVarsInLog = 0;
		};
		2A830F4DFD4A6B76155EF464 /* [CP] Check Pods Manifest.lock */ = {
			isa = PBXShellScriptBuildPhase;
			buildActionMask = 2147483647;
			files = (
			);
			inputFileListPaths = (
			);
			inputPaths = (
				"${PODS_PODFILE_DIR_PATH}/Podfile.lock",
				"${PODS_ROOT}/Manifest.lock",
			);
			name = "[CP] Check Pods Manifest.lock";
			outputFileListPaths = (
			);
			outputPaths = (
				"$(DERIVED_FILE_DIR)/Pods-BucketBeanz-checkManifestLockResult.txt",
			);
			runOnlyForDeploymentPostprocessing = 0;
			shellPath = /bin/sh;
			shellScript = "diff \"${PODS_PODFILE_DIR_PATH}/Podfile.lock\" \"${PODS_ROOT}/Manifest.lock\" > /dev/null\nif [ $? != 0 ] ; then\n    # print error to STDERR\n    echo \"error: The sandbox is not in sync with the Podfile.lock. Run 'pod install' or update your CocoaPods installation.\" >&2\n    exit 1\nfi\n# This output is used by Xcode 'outputs' to avoid re-running this script phase.\necho \"SUCCESS\" > \"${SCRIPT_OUTPUT_FILE_0}\"\n";
			showEnvVarsInLog = 0;
		};
		506B15902980624258A8CFFC /* [CP] Embed Pods Frameworks */ = {
			isa = PBXShellScriptBuildPhase;
			buildActionMask = 2147483647;
			files = (
			);
			inputFileListPaths = (
				"${PODS_ROOT}/Target Support Files/Pods-BucketBeanzTests/Pods-BucketBeanzTests-frameworks-${CONFIGURATION}-input-files.xcfilelist",
			);
			name = "[CP] Embed Pods Frameworks";
			outputFileListPaths = (
				"${PODS_ROOT}/Target Support Files/Pods-BucketBeanzTests/Pods-BucketBeanzTests-frameworks-${CONFIGURATION}-output-files.xcfilelist",
			);
			runOnlyForDeploymentPostprocessing = 0;
			shellPath = /bin/sh;
			shellScript = "\"${PODS_ROOT}/Target Support Files/Pods-BucketBeanzTests/Pods-BucketBeanzTests-frameworks.sh\"\n";
			showEnvVarsInLog = 0;
		};
		B8CE2EBAE3FDAF1C3C783D51 /* [CP] Embed Pods Frameworks */ = {
			isa = PBXShellScriptBuildPhase;
			buildActionMask = 2147483647;
			files = (
			);
			inputFileListPaths = (
				"${PODS_ROOT}/Target Support Files/Pods-BucketBeanz-BucketBeanzUITests/Pods-BucketBeanz-BucketBeanzUITests-frameworks-${CONFIGURATION}-input-files.xcfilelist",
			);
			name = "[CP] Embed Pods Frameworks";
			outputFileListPaths = (
				"${PODS_ROOT}/Target Support Files/Pods-BucketBeanz-BucketBeanzUITests/Pods-BucketBeanz-BucketBeanzUITests-frameworks-${CONFIGURATION}-output-files.xcfilelist",
			);
			runOnlyForDeploymentPostprocessing = 0;
			shellPath = /bin/sh;
			shellScript = "\"${PODS_ROOT}/Target Support Files/Pods-BucketBeanz-BucketBeanzUITests/Pods-BucketBeanz-BucketBeanzUITests-frameworks.sh\"\n";
			showEnvVarsInLog = 0;
		};
		DED4A0A64E61BA17F0B710B3 /* [CP] Embed Pods Frameworks */ = {
			isa = PBXShellScriptBuildPhase;
			buildActionMask = 2147483647;
			files = (
			);
			inputFileListPaths = (
				"${PODS_ROOT}/Target Support Files/Pods-BucketBeanz/Pods-BucketBeanz-frameworks-${CONFIGURATION}-input-files.xcfilelist",
			);
			name = "[CP] Embed Pods Frameworks";
			outputFileListPaths = (
				"${PODS_ROOT}/Target Support Files/Pods-BucketBeanz/Pods-BucketBeanz-frameworks-${CONFIGURATION}-output-files.xcfilelist",
			);
			runOnlyForDeploymentPostprocessing = 0;
			shellPath = /bin/sh;
			shellScript = "\"${PODS_ROOT}/Target Support Files/Pods-BucketBeanz/Pods-BucketBeanz-frameworks.sh\"\n";
			showEnvVarsInLog = 0;
		};
/* End PBXShellScriptBuildPhase section */

/* Begin PBXSourcesBuildPhase section */
		B740FBF5291B1FDB00E58C78 /* Sources */ = {
			isa = PBXSourcesBuildPhase;
			buildActionMask = 2147483647;
			files = (
				B740FC2D291B248500E58C78 /* LoginViewController.swift in Sources */,
				B71E214529455954000FB771 /* List.swift in Sources */,
				B740FBFD291B1FDB00E58C78 /* AppDelegate.swift in Sources */,
				B71E213D29455837000FB771 /* HomePageViewController.swift in Sources */,
				B720513529418F8100F2C987 /* Checkbox.swift in Sources */,
				B7C4DFF42941967000E36DC5 /* CheckTableViewCell.swift in Sources */,
				B740FBFF291B1FDB00E58C78 /* SceneDelegate.swift in Sources */,
				B71E214329455912000FB771 /* ListViewController.swift in Sources */,
			);
			runOnlyForDeploymentPostprocessing = 0;
		};
		B740FC0B291B1FDD00E58C78 /* Sources */ = {
			isa = PBXSourcesBuildPhase;
			buildActionMask = 2147483647;
			files = (
				B740FC14291B1FDD00E58C78 /* BucketBeanzTests.swift in Sources */,
			);
			runOnlyForDeploymentPostprocessing = 0;
		};
		B740FC15291B1FDD00E58C78 /* Sources */ = {
			isa = PBXSourcesBuildPhase;
			buildActionMask = 2147483647;
			files = (
				B740FC1E291B1FDD00E58C78 /* BucketBeanzUITests.swift in Sources */,
				B740FC20291B1FDD00E58C78 /* BucketBeanzUITestsLaunchTests.swift in Sources */,
			);
			runOnlyForDeploymentPostprocessing = 0;
		};
/* End PBXSourcesBuildPhase section */

/* Begin PBXTargetDependency section */
		B740FC11291B1FDD00E58C78 /* PBXTargetDependency */ = {
			isa = PBXTargetDependency;
			target = B740FBF8291B1FDB00E58C78 /* BucketBeanz */;
			targetProxy = B740FC10291B1FDD00E58C78 /* PBXContainerItemProxy */;
		};
		B740FC1B291B1FDD00E58C78 /* PBXTargetDependency */ = {
			isa = PBXTargetDependency;
			target = B740FBF8291B1FDB00E58C78 /* BucketBeanz */;
			targetProxy = B740FC1A291B1FDD00E58C78 /* PBXContainerItemProxy */;
		};
/* End PBXTargetDependency section */

/* Begin PBXVariantGroup section */
		B740FC02291B1FDB00E58C78 /* Main.storyboard */ = {
			isa = PBXVariantGroup;
			children = (
				B740FC03291B1FDB00E58C78 /* Base */,
			);
			name = Main.storyboard;
			sourceTree = "<group>";
		};
		B740FC07291B1FDD00E58C78 /* LaunchScreen.storyboard */ = {
			isa = PBXVariantGroup;
			children = (
				B740FC08291B1FDD00E58C78 /* Base */,
			);
			name = LaunchScreen.storyboard;
			sourceTree = "<group>";
		};
/* End PBXVariantGroup section */

/* Begin XCBuildConfiguration section */
		B740FC21291B1FDD00E58C78 /* Debug */ = {
			isa = XCBuildConfiguration;
			buildSettings = {
				ALWAYS_SEARCH_USER_PATHS = NO;
				CLANG_ANALYZER_NONNULL = YES;
				CLANG_ANALYZER_NUMBER_OBJECT_CONVERSION = YES_AGGRESSIVE;
				CLANG_CXX_LANGUAGE_STANDARD = "gnu++20";
				CLANG_ENABLE_MODULES = YES;
				CLANG_ENABLE_OBJC_ARC = YES;
				CLANG_ENABLE_OBJC_WEAK = YES;
				CLANG_WARN_BLOCK_CAPTURE_AUTORELEASING = YES;
				CLANG_WARN_BOOL_CONVERSION = YES;
				CLANG_WARN_COMMA = YES;
				CLANG_WARN_CONSTANT_CONVERSION = YES;
				CLANG_WARN_DEPRECATED_OBJC_IMPLEMENTATIONS = YES;
				CLANG_WARN_DIRECT_OBJC_ISA_USAGE = YES_ERROR;
				CLANG_WARN_DOCUMENTATION_COMMENTS = YES;
				CLANG_WARN_EMPTY_BODY = YES;
				CLANG_WARN_ENUM_CONVERSION = YES;
				CLANG_WARN_INFINITE_RECURSION = YES;
				CLANG_WARN_INT_CONVERSION = YES;
				CLANG_WARN_NON_LITERAL_NULL_CONVERSION = YES;
				CLANG_WARN_OBJC_IMPLICIT_RETAIN_SELF = YES;
				CLANG_WARN_OBJC_LITERAL_CONVERSION = YES;
				CLANG_WARN_OBJC_ROOT_CLASS = YES_ERROR;
				CLANG_WARN_QUOTED_INCLUDE_IN_FRAMEWORK_HEADER = YES;
				CLANG_WARN_RANGE_LOOP_ANALYSIS = YES;
				CLANG_WARN_STRICT_PROTOTYPES = YES;
				CLANG_WARN_SUSPICIOUS_MOVE = YES;
				CLANG_WARN_UNGUARDED_AVAILABILITY = YES_AGGRESSIVE;
				CLANG_WARN_UNREACHABLE_CODE = YES;
				CLANG_WARN__DUPLICATE_METHOD_MATCH = YES;
				COPY_PHASE_STRIP = NO;
				DEBUG_INFORMATION_FORMAT = dwarf;
				ENABLE_STRICT_OBJC_MSGSEND = YES;
				ENABLE_TESTABILITY = YES;
				GCC_C_LANGUAGE_STANDARD = gnu11;
				GCC_DYNAMIC_NO_PIC = NO;
				GCC_NO_COMMON_BLOCKS = YES;
				GCC_OPTIMIZATION_LEVEL = 0;
				GCC_PREPROCESSOR_DEFINITIONS = (
					"DEBUG=1",
					"$(inherited)",
				);
				GCC_WARN_64_TO_32_BIT_CONVERSION = YES;
				GCC_WARN_ABOUT_RETURN_TYPE = YES_ERROR;
				GCC_WARN_UNDECLARED_SELECTOR = YES;
				GCC_WARN_UNINITIALIZED_AUTOS = YES_AGGRESSIVE;
				GCC_WARN_UNUSED_FUNCTION = YES;
				GCC_WARN_UNUSED_VARIABLE = YES;
				IPHONEOS_DEPLOYMENT_TARGET = 16.0;
				MTL_ENABLE_DEBUG_INFO = INCLUDE_SOURCE;
				MTL_FAST_MATH = YES;
				ONLY_ACTIVE_ARCH = YES;
				SDKROOT = iphoneos;
				SWIFT_ACTIVE_COMPILATION_CONDITIONS = DEBUG;
				SWIFT_OPTIMIZATION_LEVEL = "-Onone";
			};
			name = Debug;
		};
		B740FC22291B1FDD00E58C78 /* Release */ = {
			isa = XCBuildConfiguration;
			buildSettings = {
				ALWAYS_SEARCH_USER_PATHS = NO;
				CLANG_ANALYZER_NONNULL = YES;
				CLANG_ANALYZER_NUMBER_OBJECT_CONVERSION = YES_AGGRESSIVE;
				CLANG_CXX_LANGUAGE_STANDARD = "gnu++20";
				CLANG_ENABLE_MODULES = YES;
				CLANG_ENABLE_OBJC_ARC = YES;
				CLANG_ENABLE_OBJC_WEAK = YES;
				CLANG_WARN_BLOCK_CAPTURE_AUTORELEASING = YES;
				CLANG_WARN_BOOL_CONVERSION = YES;
				CLANG_WARN_COMMA = YES;
				CLANG_WARN_CONSTANT_CONVERSION = YES;
				CLANG_WARN_DEPRECATED_OBJC_IMPLEMENTATIONS = YES;
				CLANG_WARN_DIRECT_OBJC_ISA_USAGE = YES_ERROR;
				CLANG_WARN_DOCUMENTATION_COMMENTS = YES;
				CLANG_WARN_EMPTY_BODY = YES;
				CLANG_WARN_ENUM_CONVERSION = YES;
				CLANG_WARN_INFINITE_RECURSION = YES;
				CLANG_WARN_INT_CONVERSION = YES;
				CLANG_WARN_NON_LITERAL_NULL_CONVERSION = YES;
				CLANG_WARN_OBJC_IMPLICIT_RETAIN_SELF = YES;
				CLANG_WARN_OBJC_LITERAL_CONVERSION = YES;
				CLANG_WARN_OBJC_ROOT_CLASS = YES_ERROR;
				CLANG_WARN_QUOTED_INCLUDE_IN_FRAMEWORK_HEADER = YES;
				CLANG_WARN_RANGE_LOOP_ANALYSIS = YES;
				CLANG_WARN_STRICT_PROTOTYPES = YES;
				CLANG_WARN_SUSPICIOUS_MOVE = YES;
				CLANG_WARN_UNGUARDED_AVAILABILITY = YES_AGGRESSIVE;
				CLANG_WARN_UNREACHABLE_CODE = YES;
				CLANG_WARN__DUPLICATE_METHOD_MATCH = YES;
				COPY_PHASE_STRIP = NO;
				DEBUG_INFORMATION_FORMAT = "dwarf-with-dsym";
				ENABLE_NS_ASSERTIONS = NO;
				ENABLE_STRICT_OBJC_MSGSEND = YES;
				GCC_C_LANGUAGE_STANDARD = gnu11;
				GCC_NO_COMMON_BLOCKS = YES;
				GCC_WARN_64_TO_32_BIT_CONVERSION = YES;
				GCC_WARN_ABOUT_RETURN_TYPE = YES_ERROR;
				GCC_WARN_UNDECLARED_SELECTOR = YES;
				GCC_WARN_UNINITIALIZED_AUTOS = YES_AGGRESSIVE;
				GCC_WARN_UNUSED_FUNCTION = YES;
				GCC_WARN_UNUSED_VARIABLE = YES;
				IPHONEOS_DEPLOYMENT_TARGET = 16.0;
				MTL_ENABLE_DEBUG_INFO = NO;
				MTL_FAST_MATH = YES;
				SDKROOT = iphoneos;
				SWIFT_COMPILATION_MODE = wholemodule;
				SWIFT_OPTIMIZATION_LEVEL = "-O";
				VALIDATE_PRODUCT = YES;
			};
			name = Release;
		};
		B740FC24291B1FDD00E58C78 /* Debug */ = {
			isa = XCBuildConfiguration;
			baseConfigurationReference = B901A5E52626A4DC98A1B8BD /* Pods-BucketBeanz.debug.xcconfig */;
			buildSettings = {
				ASSETCATALOG_COMPILER_APPICON_NAME = AppIcon;
				ASSETCATALOG_COMPILER_GLOBAL_ACCENT_COLOR_NAME = AccentColor;
				CODE_SIGN_STYLE = Automatic;
				CURRENT_PROJECT_VERSION = 1;
				DEVELOPMENT_TEAM = 28L75S2Z9T;
				GENERATE_INFOPLIST_FILE = YES;
				INFOPLIST_FILE = BucketBeanz/Info.plist;
				INFOPLIST_KEY_UIApplicationSupportsIndirectInputEvents = YES;
				INFOPLIST_KEY_UILaunchStoryboardName = LaunchScreen;
				INFOPLIST_KEY_UIMainStoryboardFile = Main;
				INFOPLIST_KEY_UISupportedInterfaceOrientations_iPad = "UIInterfaceOrientationPortrait UIInterfaceOrientationPortraitUpsideDown UIInterfaceOrientationLandscapeLeft UIInterfaceOrientationLandscapeRight";
				INFOPLIST_KEY_UISupportedInterfaceOrientations_iPhone = "UIInterfaceOrientationPortrait UIInterfaceOrientationLandscapeLeft UIInterfaceOrientationLandscapeRight";
				LD_RUNPATH_SEARCH_PATHS = (
					"$(inherited)",
					"@executable_path/Frameworks",
				);
				MARKETING_VERSION = 1.0;
				PRODUCT_BUNDLE_IDENTIFIER = com.rebecachavez.209.BucketBeanz;
				PRODUCT_NAME = "$(TARGET_NAME)";
				SWIFT_EMIT_LOC_STRINGS = YES;
				SWIFT_VERSION = 5.0;
				TARGETED_DEVICE_FAMILY = "1,2";
			};
			name = Debug;
		};
		B740FC25291B1FDD00E58C78 /* Release */ = {
			isa = XCBuildConfiguration;
			baseConfigurationReference = C344353B8CD5745AF7F80D7C /* Pods-BucketBeanz.release.xcconfig */;
			buildSettings = {
				ASSETCATALOG_COMPILER_APPICON_NAME = AppIcon;
				ASSETCATALOG_COMPILER_GLOBAL_ACCENT_COLOR_NAME = AccentColor;
				CODE_SIGN_STYLE = Automatic;
				CURRENT_PROJECT_VERSION = 1;
				DEVELOPMENT_TEAM = 28L75S2Z9T;
				GENERATE_INFOPLIST_FILE = YES;
				INFOPLIST_FILE = BucketBeanz/Info.plist;
				INFOPLIST_KEY_UIApplicationSupportsIndirectInputEvents = YES;
				INFOPLIST_KEY_UILaunchStoryboardName = LaunchScreen;
				INFOPLIST_KEY_UIMainStoryboardFile = Main;
				INFOPLIST_KEY_UISupportedInterfaceOrientations_iPad = "UIInterfaceOrientationPortrait UIInterfaceOrientationPortraitUpsideDown UIInterfaceOrientationLandscapeLeft UIInterfaceOrientationLandscapeRight";
				INFOPLIST_KEY_UISupportedInterfaceOrientations_iPhone = "UIInterfaceOrientationPortrait UIInterfaceOrientationLandscapeLeft UIInterfaceOrientationLandscapeRight";
				LD_RUNPATH_SEARCH_PATHS = (
					"$(inherited)",
					"@executable_path/Frameworks",
				);
				MARKETING_VERSION = 1.0;
				PRODUCT_BUNDLE_IDENTIFIER = com.rebecachavez.209.BucketBeanz;
				PRODUCT_NAME = "$(TARGET_NAME)";
				SWIFT_EMIT_LOC_STRINGS = YES;
				SWIFT_VERSION = 5.0;
				TARGETED_DEVICE_FAMILY = "1,2";
			};
			name = Release;
		};
		B740FC27291B1FDD00E58C78 /* Debug */ = {
			isa = XCBuildConfiguration;
			baseConfigurationReference = 3F78389D575F046A47026963 /* Pods-BucketBeanzTests.debug.xcconfig */;
			buildSettings = {
				ALWAYS_EMBED_SWIFT_STANDARD_LIBRARIES = YES;
				BUNDLE_LOADER = "$(TEST_HOST)";
				CODE_SIGN_STYLE = Automatic;
				CURRENT_PROJECT_VERSION = 1;
				DEVELOPMENT_TEAM = 28L75S2Z9T;
				GENERATE_INFOPLIST_FILE = YES;
				IPHONEOS_DEPLOYMENT_TARGET = 16.0;
				MARKETING_VERSION = 1.0;
				PRODUCT_BUNDLE_IDENTIFIER = com.rebecachavez.209.BucketBeanzTests;
				PRODUCT_NAME = "$(TARGET_NAME)";
				SWIFT_EMIT_LOC_STRINGS = NO;
				SWIFT_VERSION = 5.0;
				TARGETED_DEVICE_FAMILY = "1,2";
				TEST_HOST = "$(BUILT_PRODUCTS_DIR)/BucketBeanz.app/$(BUNDLE_EXECUTABLE_FOLDER_PATH)/BucketBeanz";
			};
			name = Debug;
		};
		B740FC28291B1FDD00E58C78 /* Release */ = {
			isa = XCBuildConfiguration;
			baseConfigurationReference = D04045927DE805E2700C2E1D /* Pods-BucketBeanzTests.release.xcconfig */;
			buildSettings = {
				ALWAYS_EMBED_SWIFT_STANDARD_LIBRARIES = YES;
				BUNDLE_LOADER = "$(TEST_HOST)";
				CODE_SIGN_STYLE = Automatic;
				CURRENT_PROJECT_VERSION = 1;
				DEVELOPMENT_TEAM = 28L75S2Z9T;
				GENERATE_INFOPLIST_FILE = YES;
				IPHONEOS_DEPLOYMENT_TARGET = 16.0;
				MARKETING_VERSION = 1.0;
				PRODUCT_BUNDLE_IDENTIFIER = com.rebecachavez.209.BucketBeanzTests;
				PRODUCT_NAME = "$(TARGET_NAME)";
				SWIFT_EMIT_LOC_STRINGS = NO;
				SWIFT_VERSION = 5.0;
				TARGETED_DEVICE_FAMILY = "1,2";
				TEST_HOST = "$(BUILT_PRODUCTS_DIR)/BucketBeanz.app/$(BUNDLE_EXECUTABLE_FOLDER_PATH)/BucketBeanz";
			};
			name = Release;
		};
		B740FC2A291B1FDD00E58C78 /* Debug */ = {
			isa = XCBuildConfiguration;
			baseConfigurationReference = 7A57AD1E4240FBC4ED83123D /* Pods-BucketBeanz-BucketBeanzUITests.debug.xcconfig */;
			buildSettings = {
				ALWAYS_EMBED_SWIFT_STANDARD_LIBRARIES = YES;
				CODE_SIGN_STYLE = Automatic;
				CURRENT_PROJECT_VERSION = 1;
				DEVELOPMENT_TEAM = 28L75S2Z9T;
				GENERATE_INFOPLIST_FILE = YES;
				MARKETING_VERSION = 1.0;
				PRODUCT_BUNDLE_IDENTIFIER = com.rebecachavez.209.BucketBeanzUITests;
				PRODUCT_NAME = "$(TARGET_NAME)";
				SWIFT_EMIT_LOC_STRINGS = NO;
				SWIFT_VERSION = 5.0;
				TARGETED_DEVICE_FAMILY = "1,2";
				TEST_TARGET_NAME = BucketBeanz;
			};
			name = Debug;
		};
		B740FC2B291B1FDD00E58C78 /* Release */ = {
			isa = XCBuildConfiguration;
			baseConfigurationReference = 327B705CEBA494971D2A9851 /* Pods-BucketBeanz-BucketBeanzUITests.release.xcconfig */;
			buildSettings = {
				ALWAYS_EMBED_SWIFT_STANDARD_LIBRARIES = YES;
				CODE_SIGN_STYLE = Automatic;
				CURRENT_PROJECT_VERSION = 1;
				DEVELOPMENT_TEAM = 28L75S2Z9T;
				GENERATE_INFOPLIST_FILE = YES;
				MARKETING_VERSION = 1.0;
				PRODUCT_BUNDLE_IDENTIFIER = com.rebecachavez.209.BucketBeanzUITests;
				PRODUCT_NAME = "$(TARGET_NAME)";
				SWIFT_EMIT_LOC_STRINGS = NO;
				SWIFT_VERSION = 5.0;
				TARGETED_DEVICE_FAMILY = "1,2";
				TEST_TARGET_NAME = BucketBeanz;
			};
			name = Release;
		};
/* End XCBuildConfiguration section */

/* Begin XCConfigurationList section */
		B740FBF4291B1FDB00E58C78 /* Build configuration list for PBXProject "BucketBeanz" */ = {
			isa = XCConfigurationList;
			buildConfigurations = (
				B740FC21291B1FDD00E58C78 /* Debug */,
				B740FC22291B1FDD00E58C78 /* Release */,
			);
			defaultConfigurationIsVisible = 0;
			defaultConfigurationName = Release;
		};
		B740FC23291B1FDD00E58C78 /* Build configuration list for PBXNativeTarget "BucketBeanz" */ = {
			isa = XCConfigurationList;
			buildConfigurations = (
				B740FC24291B1FDD00E58C78 /* Debug */,
				B740FC25291B1FDD00E58C78 /* Release */,
			);
			defaultConfigurationIsVisible = 0;
			defaultConfigurationName = Release;
		};
		B740FC26291B1FDD00E58C78 /* Build configuration list for PBXNativeTarget "BucketBeanzTests" */ = {
			isa = XCConfigurationList;
			buildConfigurations = (
				B740FC27291B1FDD00E58C78 /* Debug */,
				B740FC28291B1FDD00E58C78 /* Release */,
			);
			defaultConfigurationIsVisible = 0;
			defaultConfigurationName = Release;
		};
		B740FC29291B1FDD00E58C78 /* Build configuration list for PBXNativeTarget "BucketBeanzUITests" */ = {
			isa = XCConfigurationList;
			buildConfigurations = (
				B740FC2A291B1FDD00E58C78 /* Debug */,
				B740FC2B291B1FDD00E58C78 /* Release */,
			);
			defaultConfigurationIsVisible = 0;
			defaultConfigurationName = Release;
		};
/* End XCConfigurationList section */
	};
	rootObject = B740FBF1291B1FDB00E58C78 /* Project object */;
}
